// !$*UTF8*$!
{
	archiveVersion = 1;
	classes = {
	};
	objectVersion = 70;
	objects = {

/* Begin PBXBuildFile section */
		B95A719E2C835AA30047FF86 /* Kingfisher in Frameworks */ = {isa = PBXBuildFile; productRef = B95A719D2C835AA30047FF86 /* Kingfisher */; };
/* End PBXBuildFile section */

/* Begin PBXContainerItemProxy section */
		B9B8058C2C8323BE00B44971 /* PBXContainerItemProxy */ = {
			isa = PBXContainerItemProxy;
			containerPortal = B9B805732C8323BC00B44971 /* Project object */;
			proxyType = 1;
			remoteGlobalIDString = B9B8057A2C8323BC00B44971;
			remoteInfo = SimpleCitySearchSwiftUI;
		};
		B9B805962C8323BE00B44971 /* PBXContainerItemProxy */ = {
			isa = PBXContainerItemProxy;
			containerPortal = B9B805732C8323BC00B44971 /* Project object */;
			proxyType = 1;
			remoteGlobalIDString = B9B8057A2C8323BC00B44971;
			remoteInfo = SimpleCitySearchSwiftUI;
		};
/* End PBXContainerItemProxy section */

/* Begin PBXFileReference section */
		B9B8057B2C8323BC00B44971 /* SimpleCountrySearchSwiftUI.app */ = {isa = PBXFileReference; explicitFileType = wrapper.application; includeInIndex = 0; path = SimpleCountrySearchSwiftUI.app; sourceTree = BUILT_PRODUCTS_DIR; };
		B9B8058B2C8323BE00B44971 /* SimpleCountrySearchSwiftUITests.xctest */ = {isa = PBXFileReference; explicitFileType = wrapper.cfbundle; includeInIndex = 0; path = SimpleCountrySearchSwiftUITests.xctest; sourceTree = BUILT_PRODUCTS_DIR; };
		B9B805952C8323BE00B44971 /* SimpleCountrySearchSwiftUIUITests.xctest */ = {isa = PBXFileReference; explicitFileType = wrapper.cfbundle; includeInIndex = 0; path = SimpleCountrySearchSwiftUIUITests.xctest; sourceTree = BUILT_PRODUCTS_DIR; };
/* End PBXFileReference section */

/* Begin PBXFileSystemSynchronizedRootGroup section */
		B9B8057D2C8323BC00B44971 /* SimpleCountrySearchSwiftUI */ = {isa = PBXFileSystemSynchronizedRootGroup; explicitFileTypes = {}; explicitFolders = (); path = SimpleCountrySearchSwiftUI; sourceTree = "<group>"; };
		B9B8058E2C8323BE00B44971 /* SimpleCountrySearchSwiftUITests */ = {isa = PBXFileSystemSynchronizedRootGroup; explicitFileTypes = {}; explicitFolders = (); path = SimpleCountrySearchSwiftUITests; sourceTree = "<group>"; };
		B9B805982C8323BE00B44971 /* SimpleCountrySearchSwiftUIUITests */ = {isa = PBXFileSystemSynchronizedRootGroup; explicitFileTypes = {}; explicitFolders = (); path = SimpleCountrySearchSwiftUIUITests; sourceTree = "<group>"; };
/* End PBXFileSystemSynchronizedRootGroup section */

/* Begin PBXFrameworksBuildPhase section */
		B9B805782C8323BC00B44971 /* Frameworks */ = {
			isa = PBXFrameworksBuildPhase;
			buildActionMask = 2147483647;
			files = (
				B95A719E2C835AA30047FF86 /* Kingfisher in Frameworks */,
			);
			runOnlyForDeploymentPostprocessing = 0;
		};
		B9B805882C8323BE00B44971 /* Frameworks */ = {
			isa = PBXFrameworksBuildPhase;
			buildActionMask = 2147483647;
			files = (
			);
			runOnlyForDeploymentPostprocessing = 0;
		};
		B9B805922C8323BE00B44971 /* Frameworks */ = {
			isa = PBXFrameworksBuildPhase;
			buildActionMask = 2147483647;
			files = (
			);
			runOnlyForDeploymentPostprocessing = 0;
		};
/* End PBXFrameworksBuildPhase section */

/* Begin PBXGroup section */
		B9B805722C8323BC00B44971 = {
			isa = PBXGroup;
			children = (
				B9B8057D2C8323BC00B44971 /* SimpleCountrySearchSwiftUI */,
				B9B8058E2C8323BE00B44971 /* SimpleCountrySearchSwiftUITests */,
				B9B805982C8323BE00B44971 /* SimpleCountrySearchSwiftUIUITests */,
				B9B8057C2C8323BC00B44971 /* Products */,
			);
			sourceTree = "<group>";
		};
		B9B8057C2C8323BC00B44971 /* Products */ = {
			isa = PBXGroup;
			children = (
				B9B8057B2C8323BC00B44971 /* SimpleCountrySearchSwiftUI.app */,
				B9B8058B2C8323BE00B44971 /* SimpleCountrySearchSwiftUITests.xctest */,
				B9B805952C8323BE00B44971 /* SimpleCountrySearchSwiftUIUITests.xctest */,
			);
			name = Products;
			sourceTree = "<group>";
		};
/* End PBXGroup section */

/* Begin PBXNativeTarget section */
		B9B8057A2C8323BC00B44971 /* SimpleCountrySearchSwiftUI */ = {
			isa = PBXNativeTarget;
			buildConfigurationList = B9B8059F2C8323BE00B44971 /* Build configuration list for PBXNativeTarget "SimpleCountrySearchSwiftUI" */;
			buildPhases = (
				B9B805772C8323BC00B44971 /* Sources */,
				B9B805782C8323BC00B44971 /* Frameworks */,
				B9B805792C8323BC00B44971 /* Resources */,
			);
			buildRules = (
			);
			dependencies = (
			);
			fileSystemSynchronizedGroups = (
				B9B8057D2C8323BC00B44971 /* SimpleCountrySearchSwiftUI */,
			);
			name = SimpleCountrySearchSwiftUI;
			packageProductDependencies = (
				B95A719D2C835AA30047FF86 /* Kingfisher */,
			);
			productName = SimpleCitySearchSwiftUI;
			productReference = B9B8057B2C8323BC00B44971 /* SimpleCountrySearchSwiftUI.app */;
			productType = "com.apple.product-type.application";
		};
		B9B8058A2C8323BE00B44971 /* SimpleCountrySearchSwiftUITests */ = {
			isa = PBXNativeTarget;
			buildConfigurationList = B9B805A22C8323BE00B44971 /* Build configuration list for PBXNativeTarget "SimpleCountrySearchSwiftUITests" */;
			buildPhases = (
				B9B805872C8323BE00B44971 /* Sources */,
				B9B805882C8323BE00B44971 /* Frameworks */,
				B9B805892C8323BE00B44971 /* Resources */,
			);
			buildRules = (
			);
			dependencies = (
				B9B8058D2C8323BE00B44971 /* PBXTargetDependency */,
			);
			fileSystemSynchronizedGroups = (
				B9B8058E2C8323BE00B44971 /* SimpleCountrySearchSwiftUITests */,
			);
			name = SimpleCountrySearchSwiftUITests;
			packageProductDependencies = (
			);
			productName = SimpleCitySearchSwiftUITests;
			productReference = B9B8058B2C8323BE00B44971 /* SimpleCountrySearchSwiftUITests.xctest */;
			productType = "com.apple.product-type.bundle.unit-test";
		};
		B9B805942C8323BE00B44971 /* SimpleCountrySearchSwiftUIUITests */ = {
			isa = PBXNativeTarget;
			buildConfigurationList = B9B805A52C8323BE00B44971 /* Build configuration list for PBXNativeTarget "SimpleCountrySearchSwiftUIUITests" */;
			buildPhases = (
				B9B805912C8323BE00B44971 /* Sources */,
				B9B805922C8323BE00B44971 /* Frameworks */,
				B9B805932C8323BE00B44971 /* Resources */,
			);
			buildRules = (
			);
			dependencies = (
				B9B805972C8323BE00B44971 /* PBXTargetDependency */,
			);
			fileSystemSynchronizedGroups = (
				B9B805982C8323BE00B44971 /* SimpleCountrySearchSwiftUIUITests */,
			);
			name = SimpleCountrySearchSwiftUIUITests;
			packageProductDependencies = (
			);
			productName = SimpleCitySearchSwiftUIUITests;
			productReference = B9B805952C8323BE00B44971 /* SimpleCountrySearchSwiftUIUITests.xctest */;
			productType = "com.apple.product-type.bundle.ui-testing";
		};
/* End PBXNativeTarget section */

/* Begin PBXProject section */
		B9B805732C8323BC00B44971 /* Project object */ = {
			isa = PBXProject;
			attributes = {
				BuildIndependentTargetsInParallel = 1;
				LastSwiftUpdateCheck = 1600;
				LastUpgradeCheck = 1600;
				TargetAttributes = {
					B9B8057A2C8323BC00B44971 = {
						CreatedOnToolsVersion = 16.0;
					};
					B9B8058A2C8323BE00B44971 = {
						CreatedOnToolsVersion = 16.0;
						TestTargetID = B9B8057A2C8323BC00B44971;
					};
					B9B805942C8323BE00B44971 = {
						CreatedOnToolsVersion = 16.0;
						TestTargetID = B9B8057A2C8323BC00B44971;
					};
				};
			};
			buildConfigurationList = B9B805762C8323BC00B44971 /* Build configuration list for PBXProject "SimpleCountrySearchSwiftUI" */;
			compatibilityVersion = "Xcode 15.0";
			developmentRegion = en;
			hasScannedForEncodings = 0;
			knownRegions = (
				en,
				Base,
			);
			mainGroup = B9B805722C8323BC00B44971;
			packageReferences = (
				B95A719C2C835AA30047FF86 /* XCRemoteSwiftPackageReference "Kingfisher" */,
			);
			productRefGroup = B9B8057C2C8323BC00B44971 /* Products */;
			projectDirPath = "";
			projectRoot = "";
			targets = (
				B9B8057A2C8323BC00B44971 /* SimpleCountrySearchSwiftUI */,
				B9B8058A2C8323BE00B44971 /* SimpleCountrySearchSwiftUITests */,
				B9B805942C8323BE00B44971 /* SimpleCountrySearchSwiftUIUITests */,
			);
		};
/* End PBXProject section */

/* Begin PBXResourcesBuildPhase section */
		B9B805792C8323BC00B44971 /* Resources */ = {
			isa = PBXResourcesBuildPhase;
			buildActionMask = 2147483647;
			files = (
			);
			runOnlyForDeploymentPostprocessing = 0;
		};
		B9B805892C8323BE00B44971 /* Resources */ = {
			isa = PBXResourcesBuildPhase;
			buildActionMask = 2147483647;
			files = (
			);
			runOnlyForDeploymentPostprocessing = 0;
		};
		B9B805932C8323BE00B44971 /* Resources */ = {
			isa = PBXResourcesBuildPhase;
			buildActionMask = 2147483647;
			files = (
			);
			runOnlyForDeploymentPostprocessing = 0;
		};
/* End PBXResourcesBuildPhase section */

/* Begin PBXSourcesBuildPhase section */
		B9B805772C8323BC00B44971 /* Sources */ = {
			isa = PBXSourcesBuildPhase;
			buildActionMask = 2147483647;
			files = (
			);
			runOnlyForDeploymentPostprocessing = 0;
		};
		B9B805872C8323BE00B44971 /* Sources */ = {
			isa = PBXSourcesBuildPhase;
			buildActionMask = 2147483647;
			files = (
			);
			runOnlyForDeploymentPostprocessing = 0;
		};
		B9B805912C8323BE00B44971 /* Sources */ = {
			isa = PBXSourcesBuildPhase;
			buildActionMask = 2147483647;
			files = (
			);
			runOnlyForDeploymentPostprocessing = 0;
		};
/* End PBXSourcesBuildPhase section */

/* Begin PBXTargetDependency section */
		B9B8058D2C8323BE00B44971 /* PBXTargetDependency */ = {
			isa = PBXTargetDependency;
			target = B9B8057A2C8323BC00B44971 /* SimpleCountrySearchSwiftUI */;
			targetProxy = B9B8058C2C8323BE00B44971 /* PBXContainerItemProxy */;
		};
		B9B805972C8323BE00B44971 /* PBXTargetDependency */ = {
			isa = PBXTargetDependency;
			target = B9B8057A2C8323BC00B44971 /* SimpleCountrySearchSwiftUI */;
			targetProxy = B9B805962C8323BE00B44971 /* PBXContainerItemProxy */;
		};
/* End PBXTargetDependency section */

/* Begin XCBuildConfiguration section */
		B9B8059D2C8323BE00B44971 /* Debug */ = {
			isa = XCBuildConfiguration;
			buildSettings = {
				ALWAYS_SEARCH_USER_PATHS = NO;
				ASSETCATALOG_COMPILER_GENERATE_SWIFT_ASSET_SYMBOL_EXTENSIONS = YES;
				CLANG_ANALYZER_NONNULL = YES;
				CLANG_ANALYZER_NUMBER_OBJECT_CONVERSION = YES_AGGRESSIVE;
				CLANG_CXX_LANGUAGE_STANDARD = "gnu++20";
				CLANG_ENABLE_MODULES = YES;
				CLANG_ENABLE_OBJC_ARC = YES;
				CLANG_ENABLE_OBJC_WEAK = YES;
				CLANG_WARN_BLOCK_CAPTURE_AUTORELEASING = YES;
				CLANG_WARN_BOOL_CONVERSION = YES;
				CLANG_WARN_COMMA = YES;
				CLANG_WARN_CONSTANT_CONVERSION = YES;
				CLANG_WARN_DEPRECATED_OBJC_IMPLEMENTATIONS = YES;
				CLANG_WARN_DIRECT_OBJC_ISA_USAGE = YES_ERROR;
				CLANG_WARN_DOCUMENTATION_COMMENTS = YES;
				CLANG_WARN_EMPTY_BODY = YES;
				CLANG_WARN_ENUM_CONVERSION = YES;
				CLANG_WARN_INFINITE_RECURSION = YES;
				CLANG_WARN_INT_CONVERSION = YES;
				CLANG_WARN_NON_LITERAL_NULL_CONVERSION = YES;
				CLANG_WARN_OBJC_IMPLICIT_RETAIN_SELF = YES;
				CLANG_WARN_OBJC_LITERAL_CONVERSION = YES;
				CLANG_WARN_OBJC_ROOT_CLASS = YES_ERROR;
				CLANG_WARN_QUOTED_INCLUDE_IN_FRAMEWORK_HEADER = YES;
				CLANG_WARN_RANGE_LOOP_ANALYSIS = YES;
				CLANG_WARN_STRICT_PROTOTYPES = YES;
				CLANG_WARN_SUSPICIOUS_MOVE = YES;
				CLANG_WARN_UNGUARDED_AVAILABILITY = YES_AGGRESSIVE;
				CLANG_WARN_UNREACHABLE_CODE = YES;
				CLANG_WARN__DUPLICATE_METHOD_MATCH = YES;
				COPY_PHASE_STRIP = NO;
				DEBUG_INFORMATION_FORMAT = dwarf;
				ENABLE_STRICT_OBJC_MSGSEND = YES;
				ENABLE_TESTABILITY = YES;
				ENABLE_USER_SCRIPT_SANDBOXING = YES;
				GCC_C_LANGUAGE_STANDARD = gnu17;
				GCC_DYNAMIC_NO_PIC = NO;
				GCC_NO_COMMON_BLOCKS = YES;
				GCC_OPTIMIZATION_LEVEL = 0;
				GCC_PREPROCESSOR_DEFINITIONS = (
					"DEBUG=1",
					"$(inherited)",
				);
				GCC_WARN_64_TO_32_BIT_CONVERSION = YES;
				GCC_WARN_ABOUT_RETURN_TYPE = YES_ERROR;
				GCC_WARN_UNDECLARED_SELECTOR = YES;
				GCC_WARN_UNINITIALIZED_AUTOS = YES_AGGRESSIVE;
				GCC_WARN_UNUSED_FUNCTION = YES;
				GCC_WARN_UNUSED_VARIABLE = YES;
				IPHONEOS_DEPLOYMENT_TARGET = 15.0;
				LOCALIZATION_PREFERS_STRING_CATALOGS = YES;
				MTL_ENABLE_DEBUG_INFO = INCLUDE_SOURCE;
				MTL_FAST_MATH = YES;
				ONLY_ACTIVE_ARCH = YES;
				SDKROOT = iphoneos;
				SWIFT_ACTIVE_COMPILATION_CONDITIONS = "DEBUG $(inherited)";
				SWIFT_OPTIMIZATION_LEVEL = "-Onone";
			};
			name = Debug;
		};
		B9B8059E2C8323BE00B44971 /* Release */ = {
			isa = XCBuildConfiguration;
			buildSettings = {
				ALWAYS_SEARCH_USER_PATHS = NO;
				ASSETCATALOG_COMPILER_GENERATE_SWIFT_ASSET_SYMBOL_EXTENSIONS = YES;
				CLANG_ANALYZER_NONNULL = YES;
				CLANG_ANALYZER_NUMBER_OBJECT_CONVERSION = YES_AGGRESSIVE;
				CLANG_CXX_LANGUAGE_STANDARD = "gnu++20";
				CLANG_ENABLE_MODULES = YES;
				CLANG_ENABLE_OBJC_ARC = YES;
				CLANG_ENABLE_OBJC_WEAK = YES;
				CLANG_WARN_BLOCK_CAPTURE_AUTORELEASING = YES;
				CLANG_WARN_BOOL_CONVERSION = YES;
				CLANG_WARN_COMMA = YES;
				CLANG_WARN_CONSTANT_CONVERSION = YES;
				CLANG_WARN_DEPRECATED_OBJC_IMPLEMENTATIONS = YES;
				CLANG_WARN_DIRECT_OBJC_ISA_USAGE = YES_ERROR;
				CLANG_WARN_DOCUMENTATION_COMMENTS = YES;
				CLANG_WARN_EMPTY_BODY = YES;
				CLANG_WARN_ENUM_CONVERSION = YES;
				CLANG_WARN_INFINITE_RECURSION = YES;
				CLANG_WARN_INT_CONVERSION = YES;
				CLANG_WARN_NON_LITERAL_NULL_CONVERSION = YES;
				CLANG_WARN_OBJC_IMPLICIT_RETAIN_SELF = YES;
				CLANG_WARN_OBJC_LITERAL_CONVERSION = YES;
				CLANG_WARN_OBJC_ROOT_CLASS = YES_ERROR;
				CLANG_WARN_QUOTED_INCLUDE_IN_FRAMEWORK_HEADER = YES;
				CLANG_WARN_RANGE_LOOP_ANALYSIS = YES;
				CLANG_WARN_STRICT_PROTOTYPES = YES;
				CLANG_WARN_SUSPICIOUS_MOVE = YES;
				CLANG_WARN_UNGUARDED_AVAILABILITY = YES_AGGRESSIVE;
				CLANG_WARN_UNREACHABLE_CODE = YES;
				CLANG_WARN__DUPLICATE_METHOD_MATCH = YES;
				COPY_PHASE_STRIP = NO;
				DEBUG_INFORMATION_FORMAT = "dwarf-with-dsym";
				ENABLE_NS_ASSERTIONS = NO;
				ENABLE_STRICT_OBJC_MSGSEND = YES;
				ENABLE_USER_SCRIPT_SANDBOXING = YES;
				GCC_C_LANGUAGE_STANDARD = gnu17;
				GCC_NO_COMMON_BLOCKS = YES;
				GCC_WARN_64_TO_32_BIT_CONVERSION = YES;
				GCC_WARN_ABOUT_RETURN_TYPE = YES_ERROR;
				GCC_WARN_UNDECLARED_SELECTOR = YES;
				GCC_WARN_UNINITIALIZED_AUTOS = YES_AGGRESSIVE;
				GCC_WARN_UNUSED_FUNCTION = YES;
				GCC_WARN_UNUSED_VARIABLE = YES;
				IPHONEOS_DEPLOYMENT_TARGET = 15.0;
				LOCALIZATION_PREFERS_STRING_CATALOGS = YES;
				MTL_ENABLE_DEBUG_INFO = NO;
				MTL_FAST_MATH = YES;
				SDKROOT = iphoneos;
				SWIFT_COMPILATION_MODE = wholemodule;
				VALIDATE_PRODUCT = YES;
			};
			name = Release;
		};
		B9B805A02C8323BE00B44971 /* Debug */ = {
			isa = XCBuildConfiguration;
			buildSettings = {
				ASSETCATALOG_COMPILER_APPICON_NAME = AppIcon;
				ASSETCATALOG_COMPILER_GLOBAL_ACCENT_COLOR_NAME = AccentColor;
				CODE_SIGN_STYLE = Automatic;
				CURRENT_PROJECT_VERSION = 1;
				DEVELOPMENT_ASSET_PATHS = "\"SimpleCountrySearchSwiftUI/Preview Content\"";
				ENABLE_PREVIEWS = YES;
				GENERATE_INFOPLIST_FILE = YES;
				INFOPLIST_KEY_UIApplicationSceneManifest_Generation = YES;
				INFOPLIST_KEY_UIApplicationSupportsIndirectInputEvents = YES;
				INFOPLIST_KEY_UILaunchScreen_Generation = YES;
				INFOPLIST_KEY_UISupportedInterfaceOrientations_iPad = "UIInterfaceOrientationPortrait UIInterfaceOrientationPortraitUpsideDown UIInterfaceOrientationLandscapeLeft UIInterfaceOrientationLandscapeRight";
				INFOPLIST_KEY_UISupportedInterfaceOrientations_iPhone = "UIInterfaceOrientationPortrait UIInterfaceOrientationLandscapeLeft UIInterfaceOrientationLandscapeRight";
				LD_RUNPATH_SEARCH_PATHS = (
					"$(inherited)",
					"@executable_path/Frameworks",
				);
				MARKETING_VERSION = 1.0;
				PRODUCT_BUNDLE_IDENTIFIER = com.melissagulgund.SimpleCitySearchSwiftUI;
				PRODUCT_NAME = "$(TARGET_NAME)";
				SWIFT_EMIT_LOC_STRINGS = YES;
				SWIFT_VERSION = 5.0;
				TARGETED_DEVICE_FAMILY = "1,2";
			};
			name = Debug;
		};
		B9B805A12C8323BE00B44971 /* Release */ = {
			isa = XCBuildConfiguration;
			buildSettings = {
				ASSETCATALOG_COMPILER_APPICON_NAME = AppIcon;
				ASSETCATALOG_COMPILER_GLOBAL_ACCENT_COLOR_NAME = AccentColor;
				CODE_SIGN_STYLE = Automatic;
				CURRENT_PROJECT_VERSION = 1;
				DEVELOPMENT_ASSET_PATHS = "\"SimpleCountrySearchSwiftUI/Preview Content\"";
				ENABLE_PREVIEWS = YES;
				GENERATE_INFOPLIST_FILE = YES;
				INFOPLIST_KEY_UIApplicationSceneManifest_Generation = YES;
				INFOPLIST_KEY_UIApplicationSupportsIndirectInputEvents = YES;
				INFOPLIST_KEY_UILaunchScreen_Generation = YES;
				INFOPLIST_KEY_UISupportedInterfaceOrientations_iPad = "UIInterfaceOrientationPortrait UIInterfaceOrientationPortraitUpsideDown UIInterfaceOrientationLandscapeLeft UIInterfaceOrientationLandscapeRight";
				INFOPLIST_KEY_UISupportedInterfaceOrientations_iPhone = "UIInterfaceOrientationPortrait UIInterfaceOrientationLandscapeLeft UIInterfaceOrientationLandscapeRight";
				LD_RUNPATH_SEARCH_PATHS = (
					"$(inherited)",
					"@executable_path/Frameworks",
				);
				MARKETING_VERSION = 1.0;
				PRODUCT_BUNDLE_IDENTIFIER = com.melissagulgund.SimpleCitySearchSwiftUI;
				PRODUCT_NAME = "$(TARGET_NAME)";
				SWIFT_EMIT_LOC_STRINGS = YES;
				SWIFT_VERSION = 5.0;
				TARGETED_DEVICE_FAMILY = "1,2";
			};
			name = Release;
		};
		B9B805A32C8323BE00B44971 /* Debug */ = {
			isa = XCBuildConfiguration;
			buildSettings = {
				BUNDLE_LOADER = "$(TEST_HOST)";
				CODE_SIGN_STYLE = Automatic;
				CURRENT_PROJECT_VERSION = 1;
				GENERATE_INFOPLIST_FILE = YES;
				IPHONEOS_DEPLOYMENT_TARGET = 18.0;
				MARKETING_VERSION = 1.0;
				PRODUCT_BUNDLE_IDENTIFIER = com.melissagulgund.SimpleCitySearchSwiftUITests;
				PRODUCT_NAME = "$(TARGET_NAME)";
				SWIFT_EMIT_LOC_STRINGS = NO;
				SWIFT_VERSION = 5.0;
				TARGETED_DEVICE_FAMILY = "1,2";
				TEST_HOST = "$(BUILT_PRODUCTS_DIR)/SimpleCitySearchSwiftUI.app/$(BUNDLE_EXECUTABLE_FOLDER_PATH)/SimpleCitySearchSwiftUI";
			};
			name = Debug;
		};
		B9B805A42C8323BE00B44971 /* Release */ = {
			isa = XCBuildConfiguration;
			buildSettings = {
				BUNDLE_LOADER = "$(TEST_HOST)";
				CODE_SIGN_STYLE = Automatic;
				CURRENT_PROJECT_VERSION = 1;
				GENERATE_INFOPLIST_FILE = YES;
				IPHONEOS_DEPLOYMENT_TARGET = 18.0;
				MARKETING_VERSION = 1.0;
				PRODUCT_BUNDLE_IDENTIFIER = com.melissagulgund.SimpleCitySearchSwiftUITests;
				PRODUCT_NAME = "$(TARGET_NAME)";
				SWIFT_EMIT_LOC_STRINGS = NO;
				SWIFT_VERSION = 5.0;
				TARGETED_DEVICE_FAMILY = "1,2";
				TEST_HOST = "$(BUILT_PRODUCTS_DIR)/SimpleCitySearchSwiftUI.app/$(BUNDLE_EXECUTABLE_FOLDER_PATH)/SimpleCitySearchSwiftUI";
			};
			name = Release;
		};
		B9B805A62C8323BE00B44971 /* Debug */ = {
			isa = XCBuildConfiguration;
			buildSettings = {
				CODE_SIGN_STYLE = Automatic;
				CURRENT_PROJECT_VERSION = 1;
				GENERATE_INFOPLIST_FILE = YES;
				MARKETING_VERSION = 1.0;
				PRODUCT_BUNDLE_IDENTIFIER = com.melissagulgund.SimpleCitySearchSwiftUIUITests;
				PRODUCT_NAME = "$(TARGET_NAME)";
				SWIFT_EMIT_LOC_STRINGS = NO;
				SWIFT_VERSION = 5.0;
				TARGETED_DEVICE_FAMILY = "1,2";
				TEST_TARGET_NAME = SimpleCitySearchSwiftUI;
			};
			name = Debug;
		};
		B9B805A72C8323BE00B44971 /* Release */ = {
			isa = XCBuildConfiguration;
			buildSettings = {
				CODE_SIGN_STYLE = Automatic;
				CURRENT_PROJECT_VERSION = 1;
				GENERATE_INFOPLIST_FILE = YES;
				MARKETING_VERSION = 1.0;
				PRODUCT_BUNDLE_IDENTIFIER = com.melissagulgund.SimpleCitySearchSwiftUIUITests;
				PRODUCT_NAME = "$(TARGET_NAME)";
				SWIFT_EMIT_LOC_STRINGS = NO;
				SWIFT_VERSION = 5.0;
				TARGETED_DEVICE_FAMILY = "1,2";
				TEST_TARGET_NAME = SimpleCitySearchSwiftUI;
			};
			name = Release;
		};
/* End XCBuildConfiguration section */

/* Begin XCConfigurationList section */
		B9B805762C8323BC00B44971 /* Build configuration list for PBXProject "SimpleCountrySearchSwiftUI" */ = {
			isa = XCConfigurationList;
			buildConfigurations = (
				B9B8059D2C8323BE00B44971 /* Debug */,
				B9B8059E2C8323BE00B44971 /* Release */,
			);
			defaultConfigurationIsVisible = 0;
			defaultConfigurationName = Release;
		};
		B9B8059F2C8323BE00B44971 /* Build configuration list for PBXNativeTarget "SimpleCountrySearchSwiftUI" */ = {
			isa = XCConfigurationList;
			buildConfigurations = (
				B9B805A02C8323BE00B44971 /* Debug */,
				B9B805A12C8323BE00B44971 /* Release */,
			);
			defaultConfigurationIsVisible = 0;
			defaultConfigurationName = Release;
		};
		B9B805A22C8323BE00B44971 /* Build configuration list for PBXNativeTarget "SimpleCountrySearchSwiftUITests" */ = {
			isa = XCConfigurationList;
			buildConfigurations = (
				B9B805A32C8323BE00B44971 /* Debug */,
				B9B805A42C8323BE00B44971 /* Release */,
			);
			defaultConfigurationIsVisible = 0;
			defaultConfigurationName = Release;
		};
		B9B805A52C8323BE00B44971 /* Build configuration list for PBXNativeTarget "SimpleCountrySearchSwiftUIUITests" */ = {
			isa = XCConfigurationList;
			buildConfigurations = (
				B9B805A62C8323BE00B44971 /* Debug */,
				B9B805A72C8323BE00B44971 /* Release */,
			);
			defaultConfigurationIsVisible = 0;
			defaultConfigurationName = Release;
		};
/* End XCConfigurationList section */

/* Begin XCRemoteSwiftPackageReference section */
		B95A719C2C835AA30047FF86 /* XCRemoteSwiftPackageReference "Kingfisher" */ = {
			isa = XCRemoteSwiftPackageReference;
			repositoryURL = "https://github.com/onevcat/Kingfisher";
			requirement = {
				kind = upToNextMajorVersion;
				minimumVersion = 7.12.0;
			};
		};
/* End XCRemoteSwiftPackageReference section */

/* Begin XCSwiftPackageProductDependency section */
		B95A719D2C835AA30047FF86 /* Kingfisher */ = {
			isa = XCSwiftPackageProductDependency;
			package = B95A719C2C835AA30047FF86 /* XCRemoteSwiftPackageReference "Kingfisher" */;
			productName = Kingfisher;
		};
/* End XCSwiftPackageProductDependency section */
	};
	rootObject = B9B805732C8323BC00B44971 /* Project object */;
}
